{
  "name": "curly-octo-telegram",
  "lockfileVersion": 3,
  "requires": true,
  "packages": {
    "": {
      "dependencies": {
        "jsverify": "^0.8.4"
      }
    },
    "node_modules/jsverify": {
      "version": "0.8.4",
      "resolved": "https://registry.npmjs.org/jsverify/-/jsverify-0.8.4.tgz",
      "integrity": "sha512-nUG73Sfi8L4eOkc7pv9sflgAm43v+z6XMuePGVdRoBUxBLJiVcMcf3Xgc4h19eHHF3JwsaagOkUu825UnPBLJw==",
      "dependencies": {
        "lazy-seq": "^1.0.0",
        "rc4": "~0.1.5",
        "trampa": "^1.0.0",
        "typify-parser": "^1.1.0"
      },
      "engines": {
        "node": ">= 0.8.0"
      }
    },
    "node_modules/lazy-seq": {
      "version": "1.0.0",
      "resolved": "https://registry.npmjs.org/lazy-seq/-/lazy-seq-1.0.0.tgz",
      "integrity": "sha512-AQ4vRcnULa7FX6R6YTAjKQAE1MuEThidVQm0TEtTpedaBpnOwid5k6go16E5NDkafel1xAsZL73WkwdG03IzhA==",
      "engines": {
        "node": ">= 0.10.0"
      }
    },
    "node_modules/rc4": {
      "version": "0.1.5",
      "resolved": "https://registry.npmjs.org/rc4/-/rc4-0.1.5.tgz",
      "integrity": "sha512-xdDTNV90z5x5u25Oc871Xnvu7yAr4tV7Eluh0VSvrhUkry39q1k+zkz7xroqHbRq+8PiazySHJPArqifUvz9VA==",
      "engines": {
        "node": ">=0.10.0"
      }
    },
    "node_modules/trampa": {
      "version": "1.0.1",
      "resolved": "https://registry.npmjs.org/trampa/-/trampa-1.0.1.tgz",
      "integrity": "sha512-93WeyHNuRggPEsfCe+yHxCgM2s6H3Q8Wmlt6b6ObJL8qc7eZlRaFjQxwTrB+zbvGtlDRnAkMoYYo3+2uH/fEwA=="
    },
    "node_modules/typify-parser": {
      "version": "1.1.0",
      "resolved": "https://registry.npmjs.org/typify-parser/-/typify-parser-1.1.0.tgz",
      "integrity": "sha512-p5+L1sc6Al3bcStMwiZNxDh4ii4JxL+famEbSIUuOUMVoNn9Nz27AT1jL3x7poMHxqKK0UQIUAp5lGkKbyKkFA==",
      "engines": {
        "node": ">= 0.10.0"
      }
    }
  }
}
